{
  "requires": true,
  "lockfileVersion": 1,
  "dependencies": {
    "@angular/flex-layout": {
      "version": "12.0.0-beta.34",
      "resolved": "https://registry.npmjs.org/@angular/flex-layout/-/flex-layout-12.0.0-beta.34.tgz",
      "integrity": "sha512-nLwKovXpyG+/U3Lbmfwt+q4ARupxtbPmFTZD0Y8oItFAV6/Oh9l+QQsNQa2VhOHAOrVagyDwcEM+SePtB5EmrQ==",
      "requires": {
        "tslib": "^2.1.0"
      }
    },
    "@angular/material": {
      "version": "12.1.0",
      "resolved": "https://registry.npmjs.org/@angular/material/-/material-12.1.0.tgz",
      "integrity": "sha512-YxR09gfqfGmJysySlUWqcGYPWBVNTu2Cb48z1nxTFz13A4idw3qZa1NdHKPxi0f53x1koEd9DxKnx8M1XwvmSg==",
      "requires": {
        "tslib": "^2.2.0"
      }
    },
    "tslib": {
      "version": "2.3.0",
      "resolved": "https://registry.npmjs.org/tslib/-/tslib-2.3.0.tgz",
      "integrity": "sha512-N82ooyxVNm6h1riLCoyS9e3fuJ3AMG2zIZs2Gd1ATcSFjSA23Q0fzjjZeh0jbJvWVDZ0cJT8yaNNaaXHzueNjg=="
    }
  }
}
